
Microsoft Visual Studio Solution File, Format Version 12.00
# Visual Studio Version 16
VisualStudioVersion = 16.0.32228.343
MinimumVisualStudioVersion = 10.0.40219.1
Project("{FAE04EC0-301F-11D3-BF4B-00C04F79EFBC}") = "foodselect", "foodselect\foodselect.csproj", "{227986D5-D19B-4B1A-BC9E-9EBBDE15347F}"
EndProject
Global
	GlobalSection(SolutionConfigurationPlatforms) = preSolution
		Debug|Any CPU = Debug|Any CPU
		Release|Any CPU = Release|Any CPU
	EndGlobalSection
	GlobalSection(ProjectConfigurationPlatforms) = postSolution
		{227986D5-D19B-4B1A-BC9E-9EBBDE15347F}.Debug|Any CPU.ActiveCfg = Debug|Any CPU
		{227986D5-D19B-4B1A-BC9E-9EBBDE15347F}.Debug|Any CPU.Build.0 = Debug|Any CPU
		{227986D5-D19B-4B1A-BC9E-9EBBDE15347F}.Release|Any CPU.ActiveCfg = Release|Any CPU
		{227986D5-D19B-4B1A-BC9E-9EBBDE15347F}.Release|Any CPU.Build.0 = Release|Any CPU
	EndGlobalSection
	GlobalSection(SolutionProperties) = preSolution
		HideSolutionNode = FALSE
	EndGlobalSection
	GlobalSection(ExtensibilityGlobals) = postSolution
		SolutionGuid = {6B878B29-A59A-42A5-AFB4-CF82364156CB}
	EndGlobalSection
EndGlobal
